lockfileVersion: '6.0'

dependencies:
  react-router-dom:
    specifier: ^6.22.0
    version: 6.22.0(react-dom@18.2.0)(react@18.2.0)

packages:

  /@remix-run/router@1.15.0:
    resolution: {integrity: sha512-HOil5aFtme37dVQTB6M34G95kPM3MMuqSmIRVCC52eKV+Y/tGSqw9P3rWhlAx6A+mz+MoX+XxsGsNJbaI5qCgQ==}
    engines: {node: '>=14.0.0'}
    dev: false

  /js-tokens@4.0.0:
    resolution: {integrity: sha512-RdJUflcE3cUzKiMqQgsCu06FPu9UdIJO0beYbPhHN4k6apgJtifcoCtT9bcxOpYBtpD2kCM6Sbzg4CausW/PKQ==}
    dev: false

  /loose-envify@1.4.0:
    resolution: {integrity: sha512-lyuxPGr/Wfhrlem2CL/UcnUc1zcqKAImBDzukY7Y5F/yQiNdko6+fRLevlw1HgMySw7f611UIY408EtxRSoK3Q==}
    hasBin: true
    dependencies:
      js-tokens: 4.0.0
    dev: false

  /react-dom@18.2.0(react@18.2.0):
    resolution: {integrity: sha512-6IMTriUmvsjHUjNtEDudZfuDQUoWXVxKHhlEGSk81n4YFS+r/Kl99wXiwlVXtPBtJenozv2P+hxDsw9eA7Xo6g==}
    peerDependencies:
      react: ^18.2.0
    dependencies:
      loose-envify: 1.4.0
      react: 18.2.0
      scheduler: 0.23.0
    dev: false

  /react-router-dom@6.22.0(react-dom@18.2.0)(react@18.2.0):
    resolution: {integrity: sha512-z2w+M4tH5wlcLmH3BMMOMdrtrJ9T3oJJNsAlBJbwk+8Syxd5WFJ7J5dxMEW0/GEXD1BBis4uXRrNIz3mORr0ag==}
    engines: {node: '>=14.0.0'}
    peerDependencies:
      react: '>=16.8'
      react-dom: '>=16.8'
    dependencies:
      '@remix-run/router': 1.15.0
      react: 18.2.0
      react-dom: 18.2.0(react@18.2.0)
      react-router: 6.22.0(react@18.2.0)
    dev: false

  /react-router@6.22.0(react@18.2.0):
    resolution: {integrity: sha512-q2yemJeg6gw/YixRlRnVx6IRJWZD6fonnfZhN1JIOhV2iJCPeRNSH3V1ISwHf+JWcESzLC3BOLD1T07tmO5dmg==}
    engines: {node: '>=14.0.0'}
    peerDependencies:
      react: '>=16.8'
    dependencies:
      '@remix-run/router': 1.15.0
      react: 18.2.0
    dev: false

  /react@18.2.0:
    resolution: {integrity: sha512-/3IjMdb2L9QbBdWiW5e3P2/npwMBaU9mHCSCUzNln0ZCYbcfTsGbTJrU/kGemdH2IWmB2ioZ+zkxtmq6g09fGQ==}
    engines: {node: '>=0.10.0'}
    dependencies:
      loose-envify: 1.4.0
    dev: false

  /scheduler@0.23.0:
    resolution: {integrity: sha512-CtuThmgHNg7zIZWAXi3AsyIzA3n4xx7aNyjwC2VJldO2LMVDhFK+63xGqq6CsJH4rTAt6/M+N4GhZiDYPx9eUw==}
    dependencies:
      loose-envify: 1.4.0
    dev: false
